
Microsoft Visual Studio Solution File, Format Version 12.00
# Visual Studio Version 17
VisualStudioVersion = 17.4.33213.308
MinimumVisualStudioVersion = 10.0.40219.1
Project("{9A19103F-16F7-4668-BE54-9A1E7A4F7556}") = "ProjectOrionCLI", "ProjectOrionCLI\ProjectOrionCLI.csproj", "{71F25302-6739-43B9-AA4C-F0A4C664223E}"
EndProject
Project("{9A19103F-16F7-4668-BE54-9A1E7A4F7556}") = "ProjectOrionCompendium", "ProjectOrionCompendium\ProjectOrionCompendium.csproj", "{B6E2B43B-C2E1-454A-9848-89589CB1ABE0}"
EndProject
Project("{9A19103F-16F7-4668-BE54-9A1E7A4F7556}") = "ProjectOrionShipSheets", "ProjectOrionShipSheets\ProjectOrionShipSheets.csproj", "{271322FC-7859-4E2A-AC8C-B525794DBA6F}"
EndProject
Project("{FAE04EC0-301F-11D3-BF4B-00C04F79EFBC}") = "ProjectOrionWPF", "ProjectOrionWPF\ProjectOrionWPF.csproj", "{1B1A149B-E6E5-47C2-9169-C9BB0202F607}"
EndProject
Project("{C7167F0D-BC9F-4E6E-AFE1-012C56B48DB5}") = "WapProjectOrionCLI", "WapProjCLI\WapProjectOrionCLI.wapproj", "{07018271-35C7-44B7-B066-CC9A4557B45B}"
EndProject
Global
	GlobalSection(SolutionConfigurationPlatforms) = preSolution
		Debug|Any CPU = Debug|Any CPU
		Debug|ARM = Debug|ARM
		Debug|ARM64 = Debug|ARM64
		Debug|x64 = Debug|x64
		Debug|x86 = Debug|x86
		Release|Any CPU = Release|Any CPU
		Release|ARM = Release|ARM
		Release|ARM64 = Release|ARM64
		Release|x64 = Release|x64
		Release|x86 = Release|x86
	EndGlobalSection
	GlobalSection(ProjectConfigurationPlatforms) = postSolution
		{71F25302-6739-43B9-AA4C-F0A4C664223E}.Debug|Any CPU.ActiveCfg = Debug|Any CPU
		{71F25302-6739-43B9-AA4C-F0A4C664223E}.Debug|Any CPU.Build.0 = Debug|Any CPU
		{71F25302-6739-43B9-AA4C-F0A4C664223E}.Debug|ARM.ActiveCfg = Debug|Any CPU
		{71F25302-6739-43B9-AA4C-F0A4C664223E}.Debug|ARM.Build.0 = Debug|Any CPU
		{71F25302-6739-43B9-AA4C-F0A4C664223E}.Debug|ARM64.ActiveCfg = Debug|Any CPU
		{71F25302-6739-43B9-AA4C-F0A4C664223E}.Debug|ARM64.Build.0 = Debug|Any CPU
		{71F25302-6739-43B9-AA4C-F0A4C664223E}.Debug|x64.ActiveCfg = Debug|Any CPU
		{71F25302-6739-43B9-AA4C-F0A4C664223E}.Debug|x64.Build.0 = Debug|Any CPU
		{71F25302-6739-43B9-AA4C-F0A4C664223E}.Debug|x86.ActiveCfg = Debug|Any CPU
		{71F25302-6739-43B9-AA4C-F0A4C664223E}.Debug|x86.Build.0 = Debug|Any CPU
		{71F25302-6739-43B9-AA4C-F0A4C664223E}.Release|Any CPU.ActiveCfg = Release|Any CPU
		{71F25302-6739-43B9-AA4C-F0A4C664223E}.Release|Any CPU.Build.0 = Release|Any CPU
		{71F25302-6739-43B9-AA4C-F0A4C664223E}.Release|ARM.ActiveCfg = Release|Any CPU
		{71F25302-6739-43B9-AA4C-F0A4C664223E}.Release|ARM.Build.0 = Release|Any CPU
		{71F25302-6739-43B9-AA4C-F0A4C664223E}.Release|ARM64.ActiveCfg = Release|Any CPU
		{71F25302-6739-43B9-AA4C-F0A4C664223E}.Release|ARM64.Build.0 = Release|Any CPU
		{71F25302-6739-43B9-AA4C-F0A4C664223E}.Release|x64.ActiveCfg = Release|Any CPU
		{71F25302-6739-43B9-AA4C-F0A4C664223E}.Release|x64.Build.0 = Release|Any CPU
		{71F25302-6739-43B9-AA4C-F0A4C664223E}.Release|x86.ActiveCfg = Release|Any CPU
		{71F25302-6739-43B9-AA4C-F0A4C664223E}.Release|x86.Build.0 = Release|Any CPU
		{B6E2B43B-C2E1-454A-9848-89589CB1ABE0}.Debug|Any CPU.ActiveCfg = Debug|Any CPU
		{B6E2B43B-C2E1-454A-9848-89589CB1ABE0}.Debug|Any CPU.Build.0 = Debug|Any CPU
		{B6E2B43B-C2E1-454A-9848-89589CB1ABE0}.Debug|ARM.ActiveCfg = Debug|Any CPU
		{B6E2B43B-C2E1-454A-9848-89589CB1ABE0}.Debug|ARM.Build.0 = Debug|Any CPU
		{B6E2B43B-C2E1-454A-9848-89589CB1ABE0}.Debug|ARM64.ActiveCfg = Debug|Any CPU
		{B6E2B43B-C2E1-454A-9848-89589CB1ABE0}.Debug|ARM64.Build.0 = Debug|Any CPU
		{B6E2B43B-C2E1-454A-9848-89589CB1ABE0}.Debug|x64.ActiveCfg = Debug|Any CPU
		{B6E2B43B-C2E1-454A-9848-89589CB1ABE0}.Debug|x64.Build.0 = Debug|Any CPU
		{B6E2B43B-C2E1-454A-9848-89589CB1ABE0}.Debug|x86.ActiveCfg = Debug|Any CPU
		{B6E2B43B-C2E1-454A-9848-89589CB1ABE0}.Debug|x86.Build.0 = Debug|Any CPU
		{B6E2B43B-C2E1-454A-9848-89589CB1ABE0}.Release|Any CPU.ActiveCfg = Release|Any CPU
		{B6E2B43B-C2E1-454A-9848-89589CB1ABE0}.Release|Any CPU.Build.0 = Release|Any CPU
		{B6E2B43B-C2E1-454A-9848-89589CB1ABE0}.Release|ARM.ActiveCfg = Release|Any CPU
		{B6E2B43B-C2E1-454A-9848-89589CB1ABE0}.Release|ARM.Build.0 = Release|Any CPU
		{B6E2B43B-C2E1-454A-9848-89589CB1ABE0}.Release|ARM64.ActiveCfg = Release|Any CPU
		{B6E2B43B-C2E1-454A-9848-89589CB1ABE0}.Release|ARM64.Build.0 = Release|Any CPU
		{B6E2B43B-C2E1-454A-9848-89589CB1ABE0}.Release|x64.ActiveCfg = Release|Any CPU
		{B6E2B43B-C2E1-454A-9848-89589CB1ABE0}.Release|x64.Build.0 = Release|Any CPU
		{B6E2B43B-C2E1-454A-9848-89589CB1ABE0}.Release|x86.ActiveCfg = Release|Any CPU
		{B6E2B43B-C2E1-454A-9848-89589CB1ABE0}.Release|x86.Build.0 = Release|Any CPU
		{271322FC-7859-4E2A-AC8C-B525794DBA6F}.Debug|Any CPU.ActiveCfg = Debug|Any CPU
		{271322FC-7859-4E2A-AC8C-B525794DBA6F}.Debug|Any CPU.Build.0 = Debug|Any CPU
		{271322FC-7859-4E2A-AC8C-B525794DBA6F}.Debug|ARM.ActiveCfg = Debug|Any CPU
		{271322FC-7859-4E2A-AC8C-B525794DBA6F}.Debug|ARM.Build.0 = Debug|Any CPU
		{271322FC-7859-4E2A-AC8C-B525794DBA6F}.Debug|ARM64.ActiveCfg = Debug|Any CPU
		{271322FC-7859-4E2A-AC8C-B525794DBA6F}.Debug|ARM64.Build.0 = Debug|Any CPU
		{271322FC-7859-4E2A-AC8C-B525794DBA6F}.Debug|x64.ActiveCfg = Debug|Any CPU
		{271322FC-7859-4E2A-AC8C-B525794DBA6F}.Debug|x64.Build.0 = Debug|Any CPU
		{271322FC-7859-4E2A-AC8C-B525794DBA6F}.Debug|x86.ActiveCfg = Debug|Any CPU
		{271322FC-7859-4E2A-AC8C-B525794DBA6F}.Debug|x86.Build.0 = Debug|Any CPU
		{271322FC-7859-4E2A-AC8C-B525794DBA6F}.Release|Any CPU.ActiveCfg = Release|Any CPU
		{271322FC-7859-4E2A-AC8C-B525794DBA6F}.Release|Any CPU.Build.0 = Release|Any CPU
		{271322FC-7859-4E2A-AC8C-B525794DBA6F}.Release|ARM.ActiveCfg = Release|Any CPU
		{271322FC-7859-4E2A-AC8C-B525794DBA6F}.Release|ARM.Build.0 = Release|Any CPU
		{271322FC-7859-4E2A-AC8C-B525794DBA6F}.Release|ARM64.ActiveCfg = Release|Any CPU
		{271322FC-7859-4E2A-AC8C-B525794DBA6F}.Release|ARM64.Build.0 = Release|Any CPU
		{271322FC-7859-4E2A-AC8C-B525794DBA6F}.Release|x64.ActiveCfg = Release|Any CPU
		{271322FC-7859-4E2A-AC8C-B525794DBA6F}.Release|x64.Build.0 = Release|Any CPU
		{271322FC-7859-4E2A-AC8C-B525794DBA6F}.Release|x86.ActiveCfg = Release|Any CPU
		{271322FC-7859-4E2A-AC8C-B525794DBA6F}.Release|x86.Build.0 = Release|Any CPU
		{1B1A149B-E6E5-47C2-9169-C9BB0202F607}.Debug|Any CPU.ActiveCfg = Debug|Any CPU
		{1B1A149B-E6E5-47C2-9169-C9BB0202F607}.Debug|Any CPU.Build.0 = Debug|Any CPU
		{1B1A149B-E6E5-47C2-9169-C9BB0202F607}.Debug|ARM.ActiveCfg = Debug|Any CPU
		{1B1A149B-E6E5-47C2-9169-C9BB0202F607}.Debug|ARM.Build.0 = Debug|Any CPU
		{1B1A149B-E6E5-47C2-9169-C9BB0202F607}.Debug|ARM64.ActiveCfg = Debug|Any CPU
		{1B1A149B-E6E5-47C2-9169-C9BB0202F607}.Debug|ARM64.Build.0 = Debug|Any CPU
		{1B1A149B-E6E5-47C2-9169-C9BB0202F607}.Debug|x64.ActiveCfg = Debug|Any CPU
		{1B1A149B-E6E5-47C2-9169-C9BB0202F607}.Debug|x64.Build.0 = Debug|Any CPU
		{1B1A149B-E6E5-47C2-9169-C9BB0202F607}.Debug|x86.ActiveCfg = Debug|Any CPU
		{1B1A149B-E6E5-47C2-9169-C9BB0202F607}.Debug|x86.Build.0 = Debug|Any CPU
		{1B1A149B-E6E5-47C2-9169-C9BB0202F607}.Release|Any CPU.ActiveCfg = Release|Any CPU
		{1B1A149B-E6E5-47C2-9169-C9BB0202F607}.Release|Any CPU.Build.0 = Release|Any CPU
		{1B1A149B-E6E5-47C2-9169-C9BB0202F607}.Release|ARM.ActiveCfg = Release|Any CPU
		{1B1A149B-E6E5-47C2-9169-C9BB0202F607}.Release|ARM.Build.0 = Release|Any CPU
		{1B1A149B-E6E5-47C2-9169-C9BB0202F607}.Release|ARM64.ActiveCfg = Release|Any CPU
		{1B1A149B-E6E5-47C2-9169-C9BB0202F607}.Release|ARM64.Build.0 = Release|Any CPU
		{1B1A149B-E6E5-47C2-9169-C9BB0202F607}.Release|x64.ActiveCfg = Release|Any CPU
		{1B1A149B-E6E5-47C2-9169-C9BB0202F607}.Release|x64.Build.0 = Release|Any CPU
		{1B1A149B-E6E5-47C2-9169-C9BB0202F607}.Release|x86.ActiveCfg = Release|Any CPU
		{1B1A149B-E6E5-47C2-9169-C9BB0202F607}.Release|x86.Build.0 = Release|Any CPU
		{07018271-35C7-44B7-B066-CC9A4557B45B}.Debug|Any CPU.ActiveCfg = Debug|Any CPU
		{07018271-35C7-44B7-B066-CC9A4557B45B}.Debug|Any CPU.Build.0 = Debug|Any CPU
		{07018271-35C7-44B7-B066-CC9A4557B45B}.Debug|Any CPU.Deploy.0 = Debug|Any CPU
		{07018271-35C7-44B7-B066-CC9A4557B45B}.Debug|ARM.ActiveCfg = Debug|ARM
		{07018271-35C7-44B7-B066-CC9A4557B45B}.Debug|ARM.Build.0 = Debug|ARM
		{07018271-35C7-44B7-B066-CC9A4557B45B}.Debug|ARM.Deploy.0 = Debug|ARM
		{07018271-35C7-44B7-B066-CC9A4557B45B}.Debug|ARM64.ActiveCfg = Debug|ARM64
		{07018271-35C7-44B7-B066-CC9A4557B45B}.Debug|ARM64.Build.0 = Debug|ARM64
		{07018271-35C7-44B7-B066-CC9A4557B45B}.Debug|ARM64.Deploy.0 = Debug|ARM64
		{07018271-35C7-44B7-B066-CC9A4557B45B}.Debug|x64.ActiveCfg = Debug|x64
		{07018271-35C7-44B7-B066-CC9A4557B45B}.Debug|x64.Build.0 = Debug|x64
		{07018271-35C7-44B7-B066-CC9A4557B45B}.Debug|x64.Deploy.0 = Debug|x64
		{07018271-35C7-44B7-B066-CC9A4557B45B}.Debug|x86.ActiveCfg = Debug|x86
		{07018271-35C7-44B7-B066-CC9A4557B45B}.Debug|x86.Build.0 = Debug|x86
		{07018271-35C7-44B7-B066-CC9A4557B45B}.Debug|x86.Deploy.0 = Debug|x86
		{07018271-35C7-44B7-B066-CC9A4557B45B}.Release|Any CPU.ActiveCfg = Release|Any CPU
		{07018271-35C7-44B7-B066-CC9A4557B45B}.Release|Any CPU.Build.0 = Release|Any CPU
		{07018271-35C7-44B7-B066-CC9A4557B45B}.Release|Any CPU.Deploy.0 = Release|Any CPU
		{07018271-35C7-44B7-B066-CC9A4557B45B}.Release|ARM.ActiveCfg = Release|ARM
		{07018271-35C7-44B7-B066-CC9A4557B45B}.Release|ARM.Build.0 = Release|ARM
		{07018271-35C7-44B7-B066-CC9A4557B45B}.Release|ARM.Deploy.0 = Release|ARM
		{07018271-35C7-44B7-B066-CC9A4557B45B}.Release|ARM64.ActiveCfg = Release|ARM64
		{07018271-35C7-44B7-B066-CC9A4557B45B}.Release|ARM64.Build.0 = Release|ARM64
		{07018271-35C7-44B7-B066-CC9A4557B45B}.Release|ARM64.Deploy.0 = Release|ARM64
		{07018271-35C7-44B7-B066-CC9A4557B45B}.Release|x64.ActiveCfg = Release|x64
		{07018271-35C7-44B7-B066-CC9A4557B45B}.Release|x64.Build.0 = Release|x64
		{07018271-35C7-44B7-B066-CC9A4557B45B}.Release|x64.Deploy.0 = Release|x64
		{07018271-35C7-44B7-B066-CC9A4557B45B}.Release|x86.ActiveCfg = Release|x86
		{07018271-35C7-44B7-B066-CC9A4557B45B}.Release|x86.Build.0 = Release|x86
		{07018271-35C7-44B7-B066-CC9A4557B45B}.Release|x86.Deploy.0 = Release|x86
	EndGlobalSection
	GlobalSection(SolutionProperties) = preSolution
		HideSolutionNode = FALSE
	EndGlobalSection
	GlobalSection(ExtensibilityGlobals) = postSolution
		SolutionGuid = {B16B687F-268A-4959-BC46-B3170224FA2A}
	EndGlobalSection
EndGlobal
